
Microsoft Visual Studio Solution File, Format Version 12.00
# Visual Studio Version 17
VisualStudioVersion = 17.13.35806.99
MinimumVisualStudioVersion = 10.0.40219.1
Project("{FAE04EC0-301F-11D3-BF4B-00C04F79EFBC}") = "EventsLogger", "EventsLogger.csproj", "{C31D630A-10D9-4EAD-9E8E-5596435D5833}"
EndProject
Global
	GlobalSection(SolutionConfigurationPlatforms) = preSolution
		Debug|Any CPU = Debug|Any CPU
		Release|Any CPU = Release|Any CPU
	EndGlobalSection
	GlobalSection(ProjectConfigurationPlatforms) = postSolution
		{C31D630A-10D9-4EAD-9E8E-5596435D5833}.Debug|Any CPU.ActiveCfg = Debug|Any CPU
		{C31D630A-10D9-4EAD-9E8E-5596435D5833}.Debug|Any CPU.Build.0 = Debug|Any CPU
		{C31D630A-10D9-4EAD-9E8E-5596435D5833}.Release|Any CPU.ActiveCfg = Release|Any CPU
		{C31D630A-10D9-4EAD-9E8E-5596435D5833}.Release|Any CPU.Build.0 = Release|Any CPU
	EndGlobalSection
	GlobalSection(SolutionProperties) = preSolution
		HideSolutionNode = FALSE
	EndGlobalSection
	GlobalSection(ExtensibilityGlobals) = postSolution
		SolutionGuid = {D6AE143E-C086-4E9B-9FFA-6F9C343D30CF}
	EndGlobalSection
EndGlobal
